// !$*UTF8*$!
{
	archiveVersion = 1;
	classes = {
	};
	objectVersion = 46;
	objects = {

/* Begin PBXBuildFile section */
		A2206D521D1B43340023BC10 /* TeamProfileVC.swift in Sources */ = {isa = PBXBuildFile; fileRef = A2206D511D1B43340023BC10 /* TeamProfileVC.swift */; };
		A23426101DA07DA700FBDE74 /* ChooseAudienceVC.swift in Sources */ = {isa = PBXBuildFile; fileRef = A234260F1DA07DA700FBDE74 /* ChooseAudienceVC.swift */; };
		A23426121DA0865100FBDE74 /* User.swift in Sources */ = {isa = PBXBuildFile; fileRef = A23426111DA0865100FBDE74 /* User.swift */; };
		A23426141DA0887500FBDE74 /* Group.swift in Sources */ = {isa = PBXBuildFile; fileRef = A23426131DA0887500FBDE74 /* Group.swift */; };
		A23426161DA0C8EF00FBDE74 /* BadgeTableViewCell.swift in Sources */ = {isa = PBXBuildFile; fileRef = A23426151DA0C8EF00FBDE74 /* BadgeTableViewCell.swift */; };
		A2CE33A61D19254B003CDE63 /* AppDelegate.swift in Sources */ = {isa = PBXBuildFile; fileRef = A2CE33A51D19254B003CDE63 /* AppDelegate.swift */; };
		A2CE33A81D19254B003CDE63 /* MapViewController.swift in Sources */ = {isa = PBXBuildFile; fileRef = A2CE33A71D19254B003CDE63 /* MapViewController.swift */; };
		A2CE33AB1D19254B003CDE63 /* Main.storyboard in Resources */ = {isa = PBXBuildFile; fileRef = A2CE33A91D19254B003CDE63 /* Main.storyboard */; };
		A2CE33B01D19254B003CDE63 /* LaunchScreen.storyboard in Resources */ = {isa = PBXBuildFile; fileRef = A2CE33AE1D19254B003CDE63 /* LaunchScreen.storyboard */; };
		A2CE33BB1D19254B003CDE63 /* MorTeamTests.swift in Sources */ = {isa = PBXBuildFile; fileRef = A2CE33BA1D19254B003CDE63 /* MorTeamTests.swift */; };
		A2CE33C61D19254B003CDE63 /* MorTeamUITests.swift in Sources */ = {isa = PBXBuildFile; fileRef = A2CE33C51D19254B003CDE63 /* MorTeamUITests.swift */; };
		A2EDBEE71D19E454003D9851 /* Util.swift in Sources */ = {isa = PBXBuildFile; fileRef = A2EDBEE61D19E454003D9851 /* Util.swift */; };
		A2EDBEE91D1A3065003D9851 /* FeedViewController.swift in Sources */ = {isa = PBXBuildFile; fileRef = A2EDBEE81D1A3065003D9851 /* FeedViewController.swift */; };
		A2F9C6E81D983C7E006299D9 /* AnnouncementCell.swift in Sources */ = {isa = PBXBuildFile; fileRef = A2F9C6E71D983C7E006299D9 /* AnnouncementCell.swift */; };
		A2F9C6EA1D987CF3006299D9 /* Announcement.swift in Sources */ = {isa = PBXBuildFile; fileRef = A2F9C6E91D987CF3006299D9 /* Announcement.swift */; };
		A2F9C6F21D9882E8006299D9 /* SwiftyJSON.swift in Sources */ = {isa = PBXBuildFile; fileRef = A2F9C6F11D9882E8006299D9 /* SwiftyJSON.swift */; };
		A2F9C6F31D98BD86006299D9 /* GoogleMaps.framework in Frameworks */ = {isa = PBXBuildFile; fileRef = A2AAFFD01D193B3500503FF0 /* GoogleMaps.framework */; };
		A2F9C7001D98E13A006299D9 /* Exo2-ExtraLight.ttf in Resources */ = {isa = PBXBuildFile; fileRef = A2F9C6F71D98E13A006299D9 /* Exo2-ExtraLight.ttf */; };
		A2F9C7011D98E13A006299D9 /* Exo2-Light.ttf in Resources */ = {isa = PBXBuildFile; fileRef = A2F9C6F81D98E13A006299D9 /* Exo2-Light.ttf */; };
		A2F9C7021D98E13A006299D9 /* Exo2-Regular.ttf in Resources */ = {isa = PBXBuildFile; fileRef = A2F9C6F91D98E13A006299D9 /* Exo2-Regular.ttf */; };
		A2F9C7031D98E13A006299D9 /* Exo2-SemiBold.ttf in Resources */ = {isa = PBXBuildFile; fileRef = A2F9C6FA1D98E13A006299D9 /* Exo2-SemiBold.ttf */; };
		A2F9C7041D98E13A006299D9 /* Exo2-Thin.ttf in Resources */ = {isa = PBXBuildFile; fileRef = A2F9C6FB1D98E13A006299D9 /* Exo2-Thin.ttf */; };
		A2F9C7051D98E13A006299D9 /* TitilliumWeb-ExtraLight.ttf in Resources */ = {isa = PBXBuildFile; fileRef = A2F9C6FC1D98E13A006299D9 /* TitilliumWeb-ExtraLight.ttf */; };
		A2F9C7061D98E13A006299D9 /* TitilliumWeb-Light.ttf in Resources */ = {isa = PBXBuildFile; fileRef = A2F9C6FD1D98E13A006299D9 /* TitilliumWeb-Light.ttf */; };
		A2F9C7071D98E13A006299D9 /* TitilliumWeb-Regular.ttf in Resources */ = {isa = PBXBuildFile; fileRef = A2F9C6FE1D98E13A006299D9 /* TitilliumWeb-Regular.ttf */; };
		A2F9C7081D98E13A006299D9 /* TitilliumWeb-SemiBold.ttf in Resources */ = {isa = PBXBuildFile; fileRef = A2F9C6FF1D98E13A006299D9 /* TitilliumWeb-SemiBold.ttf */; };
		A2F9C70A1D9B81AE006299D9 /* Assets.xcassets in Resources */ = {isa = PBXBuildFile; fileRef = A2F9C7091D9B81AE006299D9 /* Assets.xcassets */; };
		A2F9C70C1D9B8874006299D9 /* PostAnnouncementVC.swift in Sources */ = {isa = PBXBuildFile; fileRef = A2F9C70B1D9B8874006299D9 /* PostAnnouncementVC.swift */; };
		A2F9C70E1D9B9166006299D9 /* EditorTextView.swift in Sources */ = {isa = PBXBuildFile; fileRef = A2F9C70D1D9B9166006299D9 /* EditorTextView.swift */; };
		A2F9C7111D9B982C006299D9 /* ZSSRichTextEditor in Resources */ = {isa = PBXBuildFile; fileRef = A2F9C7101D9B982C006299D9 /* ZSSRichTextEditor */; };
		A2F9C7131D9B98E7006299D9 /* CoreGraphics.framework in Frameworks */ = {isa = PBXBuildFile; fileRef = A2F9C7121D9B98E7006299D9 /* CoreGraphics.framework */; };
		A2F9C7151D9B98F7006299D9 /* CoreText.framework in Frameworks */ = {isa = PBXBuildFile; fileRef = A2F9C7141D9B98F7006299D9 /* CoreText.framework */; };
/* End PBXBuildFile section */

/* Begin PBXContainerItemProxy section */
		A2CE33B71D19254B003CDE63 /* PBXContainerItemProxy */ = {
			isa = PBXContainerItemProxy;
			containerPortal = A2CE339A1D192549003CDE63 /* Project object */;
			proxyType = 1;
			remoteGlobalIDString = A2CE33A11D192549003CDE63;
			remoteInfo = MorTeam;
		};
		A2CE33C21D19254B003CDE63 /* PBXContainerItemProxy */ = {
			isa = PBXContainerItemProxy;
			containerPortal = A2CE339A1D192549003CDE63 /* Project object */;
			proxyType = 1;
			remoteGlobalIDString = A2CE33A11D192549003CDE63;
			remoteInfo = MorTeam;
		};
/* End PBXContainerItemProxy section */

/* Begin PBXFileReference section */
		0DE4DA910C35DDD7FA578D2A /* Pods-MorTeam.release.xcconfig */ = {isa = PBXFileReference; includeInIndex = 1; lastKnownFileType = text.xcconfig; name = "Pods-MorTeam.release.xcconfig"; path = "Pods/Target Support Files/Pods-MorTeam/Pods-MorTeam.release.xcconfig"; sourceTree = "<group>"; };
		1A8F1739CE09385FED45763D /* Pods-MorTeam.debug.xcconfig */ = {isa = PBXFileReference; includeInIndex = 1; lastKnownFileType = text.xcconfig; name = "Pods-MorTeam.debug.xcconfig"; path = "Pods/Target Support Files/Pods-MorTeam/Pods-MorTeam.debug.xcconfig"; sourceTree = "<group>"; };
		44F41CBEDE67A1C962F223F8 /* Pods-MorTeamUITests.debug.xcconfig */ = {isa = PBXFileReference; includeInIndex = 1; lastKnownFileType = text.xcconfig; name = "Pods-MorTeamUITests.debug.xcconfig"; path = "Pods/Target Support Files/Pods-MorTeamUITests/Pods-MorTeamUITests.debug.xcconfig"; sourceTree = "<group>"; };
		8392616A1E17694D7C19E224 /* Pods-MorTeamTests.debug.xcconfig */ = {isa = PBXFileReference; includeInIndex = 1; lastKnownFileType = text.xcconfig; name = "Pods-MorTeamTests.debug.xcconfig"; path = "Pods/Target Support Files/Pods-MorTeamTests/Pods-MorTeamTests.debug.xcconfig"; sourceTree = "<group>"; };
		9AA9CB80D68D72E09FCCD703 /* Pods-MorTeamTests.release.xcconfig */ = {isa = PBXFileReference; includeInIndex = 1; lastKnownFileType = text.xcconfig; name = "Pods-MorTeamTests.release.xcconfig"; path = "Pods/Target Support Files/Pods-MorTeamTests/Pods-MorTeamTests.release.xcconfig"; sourceTree = "<group>"; };
		A2206D511D1B43340023BC10 /* TeamProfileVC.swift */ = {isa = PBXFileReference; fileEncoding = 4; lastKnownFileType = sourcecode.swift; path = TeamProfileVC.swift; sourceTree = "<group>"; };
		A234260F1DA07DA700FBDE74 /* ChooseAudienceVC.swift */ = {isa = PBXFileReference; fileEncoding = 4; lastKnownFileType = sourcecode.swift; path = ChooseAudienceVC.swift; sourceTree = "<group>"; };
		A23426111DA0865100FBDE74 /* User.swift */ = {isa = PBXFileReference; fileEncoding = 4; lastKnownFileType = sourcecode.swift; path = User.swift; sourceTree = "<group>"; };
		A23426131DA0887500FBDE74 /* Group.swift */ = {isa = PBXFileReference; fileEncoding = 4; lastKnownFileType = sourcecode.swift; path = Group.swift; sourceTree = "<group>"; };
		A23426151DA0C8EF00FBDE74 /* BadgeTableViewCell.swift */ = {isa = PBXFileReference; fileEncoding = 4; lastKnownFileType = sourcecode.swift; path = BadgeTableViewCell.swift; sourceTree = "<group>"; };
		A2AAFFD01D193B3500503FF0 /* GoogleMaps.framework */ = {isa = PBXFileReference; lastKnownFileType = wrapper.framework; name = GoogleMaps.framework; path = Pods/GoogleMaps/Frameworks/GoogleMaps.framework; sourceTree = "<group>"; };
		A2CE33A21D192549003CDE63 /* MorTeam.app */ = {isa = PBXFileReference; explicitFileType = wrapper.application; includeInIndex = 0; path = MorTeam.app; sourceTree = BUILT_PRODUCTS_DIR; };
		A2CE33A51D19254B003CDE63 /* AppDelegate.swift */ = {isa = PBXFileReference; lastKnownFileType = sourcecode.swift; path = AppDelegate.swift; sourceTree = "<group>"; };
		A2CE33A71D19254B003CDE63 /* MapViewController.swift */ = {isa = PBXFileReference; lastKnownFileType = sourcecode.swift; path = MapViewController.swift; sourceTree = "<group>"; };
		A2CE33AA1D19254B003CDE63 /* Base */ = {isa = PBXFileReference; lastKnownFileType = file.storyboard; name = Base; path = Base.lproj/Main.storyboard; sourceTree = "<group>"; };
		A2CE33AF1D19254B003CDE63 /* Base */ = {isa = PBXFileReference; lastKnownFileType = file.storyboard; name = Base; path = Base.lproj/LaunchScreen.storyboard; sourceTree = "<group>"; };
		A2CE33B11D19254B003CDE63 /* Info.plist */ = {isa = PBXFileReference; lastKnownFileType = text.plist.xml; path = Info.plist; sourceTree = "<group>"; };
		A2CE33B61D19254B003CDE63 /* MorTeamTests.xctest */ = {isa = PBXFileReference; explicitFileType = wrapper.cfbundle; includeInIndex = 0; path = MorTeamTests.xctest; sourceTree = BUILT_PRODUCTS_DIR; };
		A2CE33BA1D19254B003CDE63 /* MorTeamTests.swift */ = {isa = PBXFileReference; lastKnownFileType = sourcecode.swift; path = MorTeamTests.swift; sourceTree = "<group>"; };
		A2CE33BC1D19254B003CDE63 /* Info.plist */ = {isa = PBXFileReference; lastKnownFileType = text.plist.xml; path = Info.plist; sourceTree = "<group>"; };
		A2CE33C11D19254B003CDE63 /* MorTeamUITests.xctest */ = {isa = PBXFileReference; explicitFileType = wrapper.cfbundle; includeInIndex = 0; path = MorTeamUITests.xctest; sourceTree = BUILT_PRODUCTS_DIR; };
		A2CE33C51D19254B003CDE63 /* MorTeamUITests.swift */ = {isa = PBXFileReference; lastKnownFileType = sourcecode.swift; path = MorTeamUITests.swift; sourceTree = "<group>"; };
		A2CE33C71D19254B003CDE63 /* Info.plist */ = {isa = PBXFileReference; lastKnownFileType = text.plist.xml; path = Info.plist; sourceTree = "<group>"; };
		A2EDBEE61D19E454003D9851 /* Util.swift */ = {isa = PBXFileReference; fileEncoding = 4; lastKnownFileType = sourcecode.swift; name = Util.swift; path = ../Util.swift; sourceTree = "<group>"; };
		A2EDBEE81D1A3065003D9851 /* FeedViewController.swift */ = {isa = PBXFileReference; fileEncoding = 4; lastKnownFileType = sourcecode.swift; path = FeedViewController.swift; sourceTree = "<group>"; };
		A2F9C6E71D983C7E006299D9 /* AnnouncementCell.swift */ = {isa = PBXFileReference; fileEncoding = 4; lastKnownFileType = sourcecode.swift; path = AnnouncementCell.swift; sourceTree = "<group>"; };
		A2F9C6E91D987CF3006299D9 /* Announcement.swift */ = {isa = PBXFileReference; fileEncoding = 4; lastKnownFileType = sourcecode.swift; path = Announcement.swift; sourceTree = "<group>"; };
		A2F9C6F11D9882E8006299D9 /* SwiftyJSON.swift */ = {isa = PBXFileReference; fileEncoding = 4; lastKnownFileType = sourcecode.swift; path = SwiftyJSON.swift; sourceTree = "<group>"; };
		A2F9C6F71D98E13A006299D9 /* Exo2-ExtraLight.ttf */ = {isa = PBXFileReference; lastKnownFileType = file; name = "Exo2-ExtraLight.ttf"; path = "Resources/Exo2-ExtraLight.ttf"; sourceTree = "<group>"; };
		A2F9C6F81D98E13A006299D9 /* Exo2-Light.ttf */ = {isa = PBXFileReference; lastKnownFileType = file; name = "Exo2-Light.ttf"; path = "Resources/Exo2-Light.ttf"; sourceTree = "<group>"; };
		A2F9C6F91D98E13A006299D9 /* Exo2-Regular.ttf */ = {isa = PBXFileReference; lastKnownFileType = file; name = "Exo2-Regular.ttf"; path = "Resources/Exo2-Regular.ttf"; sourceTree = "<group>"; };
		A2F9C6FA1D98E13A006299D9 /* Exo2-SemiBold.ttf */ = {isa = PBXFileReference; lastKnownFileType = file; name = "Exo2-SemiBold.ttf"; path = "Resources/Exo2-SemiBold.ttf"; sourceTree = "<group>"; };
		A2F9C6FB1D98E13A006299D9 /* Exo2-Thin.ttf */ = {isa = PBXFileReference; lastKnownFileType = file; name = "Exo2-Thin.ttf"; path = "Resources/Exo2-Thin.ttf"; sourceTree = "<group>"; };
		A2F9C6FC1D98E13A006299D9 /* TitilliumWeb-ExtraLight.ttf */ = {isa = PBXFileReference; lastKnownFileType = file; name = "TitilliumWeb-ExtraLight.ttf"; path = "Resources/TitilliumWeb-ExtraLight.ttf"; sourceTree = "<group>"; };
		A2F9C6FD1D98E13A006299D9 /* TitilliumWeb-Light.ttf */ = {isa = PBXFileReference; lastKnownFileType = file; name = "TitilliumWeb-Light.ttf"; path = "Resources/TitilliumWeb-Light.ttf"; sourceTree = "<group>"; };
		A2F9C6FE1D98E13A006299D9 /* TitilliumWeb-Regular.ttf */ = {isa = PBXFileReference; lastKnownFileType = file; name = "TitilliumWeb-Regular.ttf"; path = "Resources/TitilliumWeb-Regular.ttf"; sourceTree = "<group>"; };
		A2F9C6FF1D98E13A006299D9 /* TitilliumWeb-SemiBold.ttf */ = {isa = PBXFileReference; lastKnownFileType = file; name = "TitilliumWeb-SemiBold.ttf"; path = "Resources/TitilliumWeb-SemiBold.ttf"; sourceTree = "<group>"; };
		A2F9C7091D9B81AE006299D9 /* Assets.xcassets */ = {isa = PBXFileReference; lastKnownFileType = folder.assetcatalog; path = Assets.xcassets; sourceTree = "<group>"; };
		A2F9C70B1D9B8874006299D9 /* PostAnnouncementVC.swift */ = {isa = PBXFileReference; fileEncoding = 4; lastKnownFileType = sourcecode.swift; path = PostAnnouncementVC.swift; sourceTree = "<group>"; };
		A2F9C70D1D9B9166006299D9 /* EditorTextView.swift */ = {isa = PBXFileReference; fileEncoding = 4; lastKnownFileType = sourcecode.swift; path = EditorTextView.swift; sourceTree = "<group>"; };
		A2F9C7101D9B982C006299D9 /* ZSSRichTextEditor */ = {isa = PBXFileReference; lastKnownFileType = folder; path = ZSSRichTextEditor; sourceTree = "<group>"; };
		A2F9C7121D9B98E7006299D9 /* CoreGraphics.framework */ = {isa = PBXFileReference; lastKnownFileType = wrapper.framework; name = CoreGraphics.framework; path = System/Library/Frameworks/CoreGraphics.framework; sourceTree = SDKROOT; };
		A2F9C7141D9B98F7006299D9 /* CoreText.framework */ = {isa = PBXFileReference; lastKnownFileType = wrapper.framework; name = CoreText.framework; path = System/Library/Frameworks/CoreText.framework; sourceTree = SDKROOT; };
		E2980A2335157D5E95F599EF /* Pods-MorTeamUITests.release.xcconfig */ = {isa = PBXFileReference; includeInIndex = 1; lastKnownFileType = text.xcconfig; name = "Pods-MorTeamUITests.release.xcconfig"; path = "Pods/Target Support Files/Pods-MorTeamUITests/Pods-MorTeamUITests.release.xcconfig"; sourceTree = "<group>"; };
/* End PBXFileReference section */

/* Begin PBXFrameworksBuildPhase section */
		A2CE339F1D192549003CDE63 /* Frameworks */ = {
			isa = PBXFrameworksBuildPhase;
			buildActionMask = 2147483647;
			files = (
				A2F9C7151D9B98F7006299D9 /* CoreText.framework in Frameworks */,
				A2F9C7131D9B98E7006299D9 /* CoreGraphics.framework in Frameworks */,
				A2F9C6F31D98BD86006299D9 /* GoogleMaps.framework in Frameworks */,
			);
			runOnlyForDeploymentPostprocessing = 0;
		};
		A2CE33B31D19254B003CDE63 /* Frameworks */ = {
			isa = PBXFrameworksBuildPhase;
			buildActionMask = 2147483647;
			files = (
			);
			runOnlyForDeploymentPostprocessing = 0;
		};
		A2CE33BE1D19254B003CDE63 /* Frameworks */ = {
			isa = PBXFrameworksBuildPhase;
			buildActionMask = 2147483647;
			files = (
			);
			runOnlyForDeploymentPostprocessing = 0;
		};
/* End PBXFrameworksBuildPhase section */

/* Begin PBXGroup section */
		53FA300A71CB21890ECD5EDB /* Pods */ = {
			isa = PBXGroup;
			children = (
				1A8F1739CE09385FED45763D /* Pods-MorTeam.debug.xcconfig */,
				0DE4DA910C35DDD7FA578D2A /* Pods-MorTeam.release.xcconfig */,
				8392616A1E17694D7C19E224 /* Pods-MorTeamTests.debug.xcconfig */,
				9AA9CB80D68D72E09FCCD703 /* Pods-MorTeamTests.release.xcconfig */,
				44F41CBEDE67A1C962F223F8 /* Pods-MorTeamUITests.debug.xcconfig */,
				E2980A2335157D5E95F599EF /* Pods-MorTeamUITests.release.xcconfig */,
			);
			name = Pods;
			sourceTree = "<group>";
		};
		A226C4881D20978F0083971D /* Views */ = {
			isa = PBXGroup;
			children = (
				A2206D511D1B43340023BC10 /* TeamProfileVC.swift */,
				A2CE33A71D19254B003CDE63 /* MapViewController.swift */,
				A2EDBEE81D1A3065003D9851 /* FeedViewController.swift */,
				A2F9C70B1D9B8874006299D9 /* PostAnnouncementVC.swift */,
				A234260F1DA07DA700FBDE74 /* ChooseAudienceVC.swift */,
			);
			name = Views;
			sourceTree = "<group>";
		};
		A226C4891D2097AC0083971D /* Supporting Files */ = {
			isa = PBXGroup;
			children = (
				A2F9C6F11D9882E8006299D9 /* SwiftyJSON.swift */,
				A2F9C70F1D9B9810006299D9 /* ZSS */,
				A2EDBEE61D19E454003D9851 /* Util.swift */,
				A2CE33A51D19254B003CDE63 /* AppDelegate.swift */,
			);
			name = "Supporting Files";
			sourceTree = "<group>";
		};
		A226C48A1D20985E0083971D /* Models */ = {
			isa = PBXGroup;
			children = (
				A2F9C6E91D987CF3006299D9 /* Announcement.swift */,
				A2F9C70D1D9B9166006299D9 /* EditorTextView.swift */,
				A2F9C6E71D983C7E006299D9 /* AnnouncementCell.swift */,
				A23426111DA0865100FBDE74 /* User.swift */,
				A23426131DA0887500FBDE74 /* Group.swift */,
				A23426151DA0C8EF00FBDE74 /* BadgeTableViewCell.swift */,
			);
			name = Models;
			sourceTree = "<group>";
		};
		A2CE33991D192549003CDE63 = {
			isa = PBXGroup;
			children = (
				A2CE33A41D19254B003CDE63 /* MorTeam */,
				A2CE33B91D19254B003CDE63 /* MorTeamTests */,
				A2CE33C41D19254B003CDE63 /* MorTeamUITests */,
				A2CE33A31D192549003CDE63 /* Products */,
				53FA300A71CB21890ECD5EDB /* Pods */,
				A882F49CF8877078A954EC52 /* Frameworks */,
			);
			sourceTree = "<group>";
		};
		A2CE33A31D192549003CDE63 /* Products */ = {
			isa = PBXGroup;
			children = (
				A2CE33A21D192549003CDE63 /* MorTeam.app */,
				A2CE33B61D19254B003CDE63 /* MorTeamTests.xctest */,
				A2CE33C11D19254B003CDE63 /* MorTeamUITests.xctest */,
			);
			name = Products;
			sourceTree = "<group>";
		};
		A2CE33A41D19254B003CDE63 /* MorTeam */ = {
			isa = PBXGroup;
			children = (
				A2F9C6F61D98E0E5006299D9 /* Resources */,
				A226C4891D2097AC0083971D /* Supporting Files */,
				A226C48A1D20985E0083971D /* Models */,
				A226C4881D20978F0083971D /* Views */,
				A2CE33A91D19254B003CDE63 /* Main.storyboard */,
				A2F9C7091D9B81AE006299D9 /* Assets.xcassets */,
				A2CE33AE1D19254B003CDE63 /* LaunchScreen.storyboard */,
				A2CE33B11D19254B003CDE63 /* Info.plist */,
			);
			path = MorTeam;
			sourceTree = "<group>";
		};
		A2CE33B91D19254B003CDE63 /* MorTeamTests */ = {
			isa = PBXGroup;
			children = (
				A2CE33BA1D19254B003CDE63 /* MorTeamTests.swift */,
				A2CE33BC1D19254B003CDE63 /* Info.plist */,
			);
			path = MorTeamTests;
			sourceTree = "<group>";
		};
		A2CE33C41D19254B003CDE63 /* MorTeamUITests */ = {
			isa = PBXGroup;
			children = (
				A2CE33C51D19254B003CDE63 /* MorTeamUITests.swift */,
				A2CE33C71D19254B003CDE63 /* Info.plist */,
			);
			path = MorTeamUITests;
			sourceTree = "<group>";
		};
		A2F9C6F61D98E0E5006299D9 /* Resources */ = {
			isa = PBXGroup;
			children = (
				A2F9C6F71D98E13A006299D9 /* Exo2-ExtraLight.ttf */,
				A2F9C6F81D98E13A006299D9 /* Exo2-Light.ttf */,
				A2F9C6F91D98E13A006299D9 /* Exo2-Regular.ttf */,
				A2F9C6FA1D98E13A006299D9 /* Exo2-SemiBold.ttf */,
				A2F9C6FB1D98E13A006299D9 /* Exo2-Thin.ttf */,
				A2F9C6FC1D98E13A006299D9 /* TitilliumWeb-ExtraLight.ttf */,
				A2F9C6FD1D98E13A006299D9 /* TitilliumWeb-Light.ttf */,
				A2F9C6FE1D98E13A006299D9 /* TitilliumWeb-Regular.ttf */,
				A2F9C6FF1D98E13A006299D9 /* TitilliumWeb-SemiBold.ttf */,
			);
			name = Resources;
			sourceTree = "<group>";
		};
		A2F9C70F1D9B9810006299D9 /* ZSS */ = {
			isa = PBXGroup;
			children = (
				A2F9C7101D9B982C006299D9 /* ZSSRichTextEditor */,
			);
			name = ZSS;
			sourceTree = "<group>";
		};
		A882F49CF8877078A954EC52 /* Frameworks */ = {
			isa = PBXGroup;
			children = (
				A2F9C7141D9B98F7006299D9 /* CoreText.framework */,
				A2F9C7121D9B98E7006299D9 /* CoreGraphics.framework */,
				A2AAFFD01D193B3500503FF0 /* GoogleMaps.framework */,
			);
			name = Frameworks;
			sourceTree = "<group>";
		};
/* End PBXGroup section */

/* Begin PBXNativeTarget section */
		A2CE33A11D192549003CDE63 /* MorTeam */ = {
			isa = PBXNativeTarget;
			buildConfigurationList = A2CE33CA1D19254B003CDE63 /* Build configuration list for PBXNativeTarget "MorTeam" */;
			buildPhases = (
				C24FB486F3B269C6B2F0BDF5 /* [CP] Check Pods Manifest.lock */,
				A2CE339E1D192549003CDE63 /* Sources */,
				A2CE339F1D192549003CDE63 /* Frameworks */,
				A2CE33A01D192549003CDE63 /* Resources */,
				311E304CEFDE197FF48896BE /* [CP] Embed Pods Frameworks */,
				1F97680F15D18D3930058EA4 /* [CP] Copy Pods Resources */,
			);
			buildRules = (
			);
			dependencies = (
			);
			name = MorTeam;
			productName = MorTeam;
			productReference = A2CE33A21D192549003CDE63 /* MorTeam.app */;
			productType = "com.apple.product-type.application";
		};
		A2CE33B51D19254B003CDE63 /* MorTeamTests */ = {
			isa = PBXNativeTarget;
			buildConfigurationList = A2CE33CD1D19254B003CDE63 /* Build configuration list for PBXNativeTarget "MorTeamTests" */;
			buildPhases = (
				BE209345421AC297B9E10E37 /* [CP] Check Pods Manifest.lock */,
				A2CE33B21D19254B003CDE63 /* Sources */,
				A2CE33B31D19254B003CDE63 /* Frameworks */,
				A2CE33B41D19254B003CDE63 /* Resources */,
				D5148AC15BD056826210594F /* [CP] Embed Pods Frameworks */,
				9E203DC5451E96DCCB27FD7C /* [CP] Copy Pods Resources */,
			);
			buildRules = (
			);
			dependencies = (
				A2CE33B81D19254B003CDE63 /* PBXTargetDependency */,
			);
			name = MorTeamTests;
			productName = MorTeamTests;
			productReference = A2CE33B61D19254B003CDE63 /* MorTeamTests.xctest */;
			productType = "com.apple.product-type.bundle.unit-test";
		};
		A2CE33C01D19254B003CDE63 /* MorTeamUITests */ = {
			isa = PBXNativeTarget;
			buildConfigurationList = A2CE33D01D19254B003CDE63 /* Build configuration list for PBXNativeTarget "MorTeamUITests" */;
			buildPhases = (
				4EBA836E78B624630986FD75 /* [CP] Check Pods Manifest.lock */,
				A2CE33BD1D19254B003CDE63 /* Sources */,
				A2CE33BE1D19254B003CDE63 /* Frameworks */,
				A2CE33BF1D19254B003CDE63 /* Resources */,
				5D14F4B69A9AAAEC2DE59B3B /* [CP] Copy Pods Resources */,
			);
			buildRules = (
			);
			dependencies = (
				A2CE33C31D19254B003CDE63 /* PBXTargetDependency */,
			);
			name = MorTeamUITests;
			productName = MorTeamUITests;
			productReference = A2CE33C11D19254B003CDE63 /* MorTeamUITests.xctest */;
			productType = "com.apple.product-type.bundle.ui-testing";
		};
/* End PBXNativeTarget section */

/* Begin PBXProject section */
		A2CE339A1D192549003CDE63 /* Project object */ = {
			isa = PBXProject;
			attributes = {
				LastSwiftUpdateCheck = 0730;
				LastUpgradeCheck = 0800;
				ORGANIZATIONNAME = MorTorq;
				TargetAttributes = {
					A2CE33A11D192549003CDE63 = {
						CreatedOnToolsVersion = 7.3.1;
						DevelopmentTeam = 6GPMR8SXTF;
						LastSwiftMigration = 0800;
					};
					A2CE33B51D19254B003CDE63 = {
						CreatedOnToolsVersion = 7.3.1;
						LastSwiftMigration = 0800;
						TestTargetID = A2CE33A11D192549003CDE63;
					};
					A2CE33C01D19254B003CDE63 = {
						CreatedOnToolsVersion = 7.3.1;
						LastSwiftMigration = 0800;
						TestTargetID = A2CE33A11D192549003CDE63;
					};
				};
			};
			buildConfigurationList = A2CE339D1D192549003CDE63 /* Build configuration list for PBXProject "MorTeam" */;
			compatibilityVersion = "Xcode 3.2";
			developmentRegion = English;
			hasScannedForEncodings = 0;
			knownRegions = (
				en,
				Base,
			);
			mainGroup = A2CE33991D192549003CDE63;
			productRefGroup = A2CE33A31D192549003CDE63 /* Products */;
			projectDirPath = "";
			projectRoot = "";
			targets = (
				A2CE33A11D192549003CDE63 /* MorTeam */,
				A2CE33B51D19254B003CDE63 /* MorTeamTests */,
				A2CE33C01D19254B003CDE63 /* MorTeamUITests */,
			);
		};
/* End PBXProject section */

/* Begin PBXResourcesBuildPhase section */
		A2CE33A01D192549003CDE63 /* Resources */ = {
			isa = PBXResourcesBuildPhase;
			buildActionMask = 2147483647;
			files = (
				A2CE33B01D19254B003CDE63 /* LaunchScreen.storyboard in Resources */,
				A2F9C7071D98E13A006299D9 /* TitilliumWeb-Regular.ttf in Resources */,
				A2F9C7051D98E13A006299D9 /* TitilliumWeb-ExtraLight.ttf in Resources */,
				A2F9C7081D98E13A006299D9 /* TitilliumWeb-SemiBold.ttf in Resources */,
				A2F9C7001D98E13A006299D9 /* Exo2-ExtraLight.ttf in Resources */,
				A2F9C7011D98E13A006299D9 /* Exo2-Light.ttf in Resources */,
				A2CE33AB1D19254B003CDE63 /* Main.storyboard in Resources */,
				A2F9C7021D98E13A006299D9 /* Exo2-Regular.ttf in Resources */,
				A2F9C7031D98E13A006299D9 /* Exo2-SemiBold.ttf in Resources */,
				A2F9C7061D98E13A006299D9 /* TitilliumWeb-Light.ttf in Resources */,
				A2F9C70A1D9B81AE006299D9 /* Assets.xcassets in Resources */,
				A2F9C7111D9B982C006299D9 /* ZSSRichTextEditor in Resources */,
				A2F9C7041D98E13A006299D9 /* Exo2-Thin.ttf in Resources */,
			);
			runOnlyForDeploymentPostprocessing = 0;
		};
		A2CE33B41D19254B003CDE63 /* Resources */ = {
			isa = PBXResourcesBuildPhase;
			buildActionMask = 2147483647;
			files = (
			);
			runOnlyForDeploymentPostprocessing = 0;
		};
		A2CE33BF1D19254B003CDE63 /* Resources */ = {
			isa = PBXResourcesBuildPhase;
			buildActionMask = 2147483647;
			files = (
			);
			runOnlyForDeploymentPostprocessing = 0;
		};
/* End PBXResourcesBuildPhase section */

/* Begin PBXShellScriptBuildPhase section */
		1F97680F15D18D3930058EA4 /* [CP] Copy Pods Resources */ = {
			isa = PBXShellScriptBuildPhase;
			buildActionMask = 2147483647;
			files = (
			);
			inputPaths = (
			);
			name = "[CP] Copy Pods Resources";
			outputPaths = (
			);
			runOnlyForDeploymentPostprocessing = 0;
			shellPath = /bin/sh;
			shellScript = "\"${SRCROOT}/Pods/Target Support Files/Pods-MorTeam/Pods-MorTeam-resources.sh\"\n";
			showEnvVarsInLog = 0;
		};
		311E304CEFDE197FF48896BE /* [CP] Embed Pods Frameworks */ = {
			isa = PBXShellScriptBuildPhase;
			buildActionMask = 2147483647;
			files = (
			);
			inputPaths = (
			);
			name = "[CP] Embed Pods Frameworks";
			outputPaths = (
			);
			runOnlyForDeploymentPostprocessing = 0;
			shellPath = /bin/sh;
			shellScript = "\"${SRCROOT}/Pods/Target Support Files/Pods-MorTeam/Pods-MorTeam-frameworks.sh\"\n";
			showEnvVarsInLog = 0;
		};
		4EBA836E78B624630986FD75 /* [CP] Check Pods Manifest.lock */ = {
			isa = PBXShellScriptBuildPhase;
			buildActionMask = 2147483647;
			files = (
			);
			inputPaths = (
			);
			name = "[CP] Check Pods Manifest.lock";
			outputPaths = (
			);
			runOnlyForDeploymentPostprocessing = 0;
			shellPath = /bin/sh;
			shellScript = "diff \"${PODS_ROOT}/../Podfile.lock\" \"${PODS_ROOT}/Manifest.lock\" > /dev/null\nif [[ $? != 0 ]] ; then\n    cat << EOM\nerror: The sandbox is not in sync with the Podfile.lock. Run 'pod install' or update your CocoaPods installation.\nEOM\n    exit 1\nfi\n";
			showEnvVarsInLog = 0;
		};
		5D14F4B69A9AAAEC2DE59B3B /* [CP] Copy Pods Resources */ = {
			isa = PBXShellScriptBuildPhase;
			buildActionMask = 2147483647;
			files = (
			);
			inputPaths = (
			);
			name = "[CP] Copy Pods Resources";
			outputPaths = (
			);
			runOnlyForDeploymentPostprocessing = 0;
			shellPath = /bin/sh;
			shellScript = "\"${SRCROOT}/Pods/Target Support Files/Pods-MorTeamUITests/Pods-MorTeamUITests-resources.sh\"\n";
			showEnvVarsInLog = 0;
		};
		9E203DC5451E96DCCB27FD7C /* [CP] Copy Pods Resources */ = {
			isa = PBXShellScriptBuildPhase;
			buildActionMask = 2147483647;
			files = (
			);
			inputPaths = (
			);
			name = "[CP] Copy Pods Resources";
			outputPaths = (
			);
			runOnlyForDeploymentPostprocessing = 0;
			shellPath = /bin/sh;
			shellScript = "\"${SRCROOT}/Pods/Target Support Files/Pods-MorTeamTests/Pods-MorTeamTests-resources.sh\"\n";
			showEnvVarsInLog = 0;
		};
		BE209345421AC297B9E10E37 /* [CP] Check Pods Manifest.lock */ = {
			isa = PBXShellScriptBuildPhase;
			buildActionMask = 2147483647;
			files = (
			);
			inputPaths = (
			);
			name = "[CP] Check Pods Manifest.lock";
			outputPaths = (
			);
			runOnlyForDeploymentPostprocessing = 0;
			shellPath = /bin/sh;
			shellScript = "diff \"${PODS_ROOT}/../Podfile.lock\" \"${PODS_ROOT}/Manifest.lock\" > /dev/null\nif [[ $? != 0 ]] ; then\n    cat << EOM\nerror: The sandbox is not in sync with the Podfile.lock. Run 'pod install' or update your CocoaPods installation.\nEOM\n    exit 1\nfi\n";
			showEnvVarsInLog = 0;
		};
		C24FB486F3B269C6B2F0BDF5 /* [CP] Check Pods Manifest.lock */ = {
			isa = PBXShellScriptBuildPhase;
			buildActionMask = 2147483647;
			files = (
			);
			inputPaths = (
			);
			name = "[CP] Check Pods Manifest.lock";
			outputPaths = (
			);
			runOnlyForDeploymentPostprocessing = 0;
			shellPath = /bin/sh;
			shellScript = "diff \"${PODS_ROOT}/../Podfile.lock\" \"${PODS_ROOT}/Manifest.lock\" > /dev/null\nif [[ $? != 0 ]] ; then\n    cat << EOM\nerror: The sandbox is not in sync with the Podfile.lock. Run 'pod install' or update your CocoaPods installation.\nEOM\n    exit 1\nfi\n";
			showEnvVarsInLog = 0;
		};
		D5148AC15BD056826210594F /* [CP] Embed Pods Frameworks */ = {
			isa = PBXShellScriptBuildPhase;
			buildActionMask = 2147483647;
			files = (
			);
			inputPaths = (
			);
			name = "[CP] Embed Pods Frameworks";
			outputPaths = (
			);
			runOnlyForDeploymentPostprocessing = 0;
			shellPath = /bin/sh;
			shellScript = "\"${SRCROOT}/Pods/Target Support Files/Pods-MorTeamTests/Pods-MorTeamTests-frameworks.sh\"\n";
			showEnvVarsInLog = 0;
		};
/* End PBXShellScriptBuildPhase section */

/* Begin PBXSourcesBuildPhase section */
		A2CE339E1D192549003CDE63 /* Sources */ = {
			isa = PBXSourcesBuildPhase;
			buildActionMask = 2147483647;
			files = (
				A2206D521D1B43340023BC10 /* TeamProfileVC.swift in Sources */,
				A2CE33A81D19254B003CDE63 /* MapViewController.swift in Sources */,
				A2EDBEE71D19E454003D9851 /* Util.swift in Sources */,
				A2F9C6F21D9882E8006299D9 /* SwiftyJSON.swift in Sources */,
				A2EDBEE91D1A3065003D9851 /* FeedViewController.swift in Sources */,
				A23426101DA07DA700FBDE74 /* ChooseAudienceVC.swift in Sources */,
				A23426141DA0887500FBDE74 /* Group.swift in Sources */,
				A2F9C6EA1D987CF3006299D9 /* Announcement.swift in Sources */,
				A2F9C70E1D9B9166006299D9 /* EditorTextView.swift in Sources */,
				A23426161DA0C8EF00FBDE74 /* BadgeTableViewCell.swift in Sources */,
				A23426121DA0865100FBDE74 /* User.swift in Sources */,
				A2F9C6E81D983C7E006299D9 /* AnnouncementCell.swift in Sources */,
				A2F9C70C1D9B8874006299D9 /* PostAnnouncementVC.swift in Sources */,
				A2CE33A61D19254B003CDE63 /* AppDelegate.swift in Sources */,
			);
			runOnlyForDeploymentPostprocessing = 0;
		};
		A2CE33B21D19254B003CDE63 /* Sources */ = {
			isa = PBXSourcesBuildPhase;
			buildActionMask = 2147483647;
			files = (
				A2CE33BB1D19254B003CDE63 /* MorTeamTests.swift in Sources */,
			);
			runOnlyForDeploymentPostprocessing = 0;
		};
		A2CE33BD1D19254B003CDE63 /* Sources */ = {
			isa = PBXSourcesBuildPhase;
			buildActionMask = 2147483647;
			files = (
				A2CE33C61D19254B003CDE63 /* MorTeamUITests.swift in Sources */,
			);
			runOnlyForDeploymentPostprocessing = 0;
		};
/* End PBXSourcesBuildPhase section */

/* Begin PBXTargetDependency section */
		A2CE33B81D19254B003CDE63 /* PBXTargetDependency */ = {
			isa = PBXTargetDependency;
			target = A2CE33A11D192549003CDE63 /* MorTeam */;
			targetProxy = A2CE33B71D19254B003CDE63 /* PBXContainerItemProxy */;
		};
		A2CE33C31D19254B003CDE63 /* PBXTargetDependency */ = {
			isa = PBXTargetDependency;
			target = A2CE33A11D192549003CDE63 /* MorTeam */;
			targetProxy = A2CE33C21D19254B003CDE63 /* PBXContainerItemProxy */;
		};
/* End PBXTargetDependency section */

/* Begin PBXVariantGroup section */
		A2CE33A91D19254B003CDE63 /* Main.storyboard */ = {
			isa = PBXVariantGroup;
			children = (
				A2CE33AA1D19254B003CDE63 /* Base */,
			);
			name = Main.storyboard;
			sourceTree = "<group>";
		};
		A2CE33AE1D19254B003CDE63 /* LaunchScreen.storyboard */ = {
			isa = PBXVariantGroup;
			children = (
				A2CE33AF1D19254B003CDE63 /* Base */,
			);
			name = LaunchScreen.storyboard;
			sourceTree = "<group>";
		};
/* End PBXVariantGroup section */

/* Begin XCBuildConfiguration section */
		A2CE33C81D19254B003CDE63 /* Debug */ = {
			isa = XCBuildConfiguration;
			buildSettings = {
				ALWAYS_SEARCH_USER_PATHS = NO;
				CLANG_ANALYZER_NONNULL = YES;
				CLANG_CXX_LANGUAGE_STANDARD = "gnu++0x";
				CLANG_CXX_LIBRARY = "libc++";
				CLANG_ENABLE_MODULES = YES;
				CLANG_ENABLE_OBJC_ARC = YES;
				CLANG_WARN_BOOL_CONVERSION = YES;
				CLANG_WARN_CONSTANT_CONVERSION = YES;
				CLANG_WARN_DIRECT_OBJC_ISA_USAGE = YES_ERROR;
				CLANG_WARN_EMPTY_BODY = YES;
				CLANG_WARN_ENUM_CONVERSION = YES;
				CLANG_WARN_INFINITE_RECURSION = YES;
				CLANG_WARN_INT_CONVERSION = YES;
				CLANG_WARN_OBJC_ROOT_CLASS = YES_ERROR;
				CLANG_WARN_SUSPICIOUS_MOVE = YES;
				CLANG_WARN_UNREACHABLE_CODE = YES;
				CLANG_WARN__DUPLICATE_METHOD_MATCH = YES;
				"CODE_SIGN_IDENTITY[sdk=iphoneos*]" = "iPhone Developer";
				COPY_PHASE_STRIP = NO;
				DEBUG_INFORMATION_FORMAT = dwarf;
				ENABLE_BITCODE = YES;
				ENABLE_STRICT_OBJC_MSGSEND = YES;
				ENABLE_TESTABILITY = YES;
				GCC_C_LANGUAGE_STANDARD = gnu99;
				GCC_DYNAMIC_NO_PIC = NO;
				GCC_NO_COMMON_BLOCKS = YES;
				GCC_OPTIMIZATION_LEVEL = 0;
				GCC_PREPROCESSOR_DEFINITIONS = (
					"DEBUG=1",
					"$(inherited)",
				);
				GCC_WARN_64_TO_32_BIT_CONVERSION = YES;
				GCC_WARN_ABOUT_RETURN_TYPE = YES_ERROR;
				GCC_WARN_UNDECLARED_SELECTOR = YES;
				GCC_WARN_UNINITIALIZED_AUTOS = YES_AGGRESSIVE;
				GCC_WARN_UNUSED_FUNCTION = YES;
				GCC_WARN_UNUSED_VARIABLE = YES;
				IPHONEOS_DEPLOYMENT_TARGET = 8.0;
				MTL_ENABLE_DEBUG_INFO = YES;
				ONLY_ACTIVE_ARCH = YES;
				SDKROOT = iphoneos;
				SWIFT_OPTIMIZATION_LEVEL = "-Onone";
				TARGETED_DEVICE_FAMILY = "1,2";
			};
			name = Debug;
		};
		A2CE33C91D19254B003CDE63 /* Release */ = {
			isa = XCBuildConfiguration;
			buildSettings = {
				ALWAYS_SEARCH_USER_PATHS = NO;
				CLANG_ANALYZER_NONNULL = YES;
				CLANG_CXX_LANGUAGE_STANDARD = "gnu++0x";
				CLANG_CXX_LIBRARY = "libc++";
				CLANG_ENABLE_MODULES = YES;
				CLANG_ENABLE_OBJC_ARC = YES;
				CLANG_WARN_BOOL_CONVERSION = YES;
				CLANG_WARN_CONSTANT_CONVERSION = YES;
				CLANG_WARN_DIRECT_OBJC_ISA_USAGE = YES_ERROR;
				CLANG_WARN_EMPTY_BODY = YES;
				CLANG_WARN_ENUM_CONVERSION = YES;
				CLANG_WARN_INFINITE_RECURSION = YES;
				CLANG_WARN_INT_CONVERSION = YES;
				CLANG_WARN_OBJC_ROOT_CLASS = YES_ERROR;
				CLANG_WARN_SUSPICIOUS_MOVE = YES;
				CLANG_WARN_UNREACHABLE_CODE = YES;
				CLANG_WARN__DUPLICATE_METHOD_MATCH = YES;
				"CODE_SIGN_IDENTITY[sdk=iphoneos*]" = "iPhone Developer";
				COPY_PHASE_STRIP = NO;
				DEBUG_INFORMATION_FORMAT = "dwarf-with-dsym";
				ENABLE_BITCODE = YES;
				ENABLE_NS_ASSERTIONS = NO;
				ENABLE_STRICT_OBJC_MSGSEND = YES;
				GCC_C_LANGUAGE_STANDARD = gnu99;
				GCC_NO_COMMON_BLOCKS = YES;
				GCC_WARN_64_TO_32_BIT_CONVERSION = YES;
				GCC_WARN_ABOUT_RETURN_TYPE = YES_ERROR;
				GCC_WARN_UNDECLARED_SELECTOR = YES;
				GCC_WARN_UNINITIALIZED_AUTOS = YES_AGGRESSIVE;
				GCC_WARN_UNUSED_FUNCTION = YES;
				GCC_WARN_UNUSED_VARIABLE = YES;
				IPHONEOS_DEPLOYMENT_TARGET = 8.0;
				MTL_ENABLE_DEBUG_INFO = NO;
				SDKROOT = iphoneos;
				SWIFT_OPTIMIZATION_LEVEL = "-Owholemodule";
				TARGETED_DEVICE_FAMILY = "1,2";
				VALIDATE_PRODUCT = YES;
			};
			name = Release;
		};
		A2CE33CB1D19254B003CDE63 /* Debug */ = {
			isa = XCBuildConfiguration;
			baseConfigurationReference = 1A8F1739CE09385FED45763D /* Pods-MorTeam.debug.xcconfig */;
			buildSettings = {
				ASSETCATALOG_COMPILER_APPICON_NAME = AppIcon;
				CODE_SIGN_IDENTITY = "iPhone Developer: parsa zadeh (M63JQDV378)";
				"CODE_SIGN_IDENTITY[sdk=iphoneos*]" = "iPhone Developer";
				FRAMEWORK_SEARCH_PATHS = "$(inherited)";
				INFOPLIST_FILE = MorTeam/Info.plist;
				IPHONEOS_DEPLOYMENT_TARGET = 8.0;
				LD_RUNPATH_SEARCH_PATHS = "$(inherited) @executable_path/Frameworks";
				PRODUCT_BUNDLE_IDENTIFIER = com.mortorq.morteam.MorTeam;
				PRODUCT_NAME = "$(TARGET_NAME)";
				PROVISIONING_PROFILE = "";
				SWIFT_VERSION = 3.0;
			};
			name = Debug;
		};
		A2CE33CC1D19254B003CDE63 /* Release */ = {
			isa = XCBuildConfiguration;
			baseConfigurationReference = 0DE4DA910C35DDD7FA578D2A /* Pods-MorTeam.release.xcconfig */;
			buildSettings = {
				ASSETCATALOG_COMPILER_APPICON_NAME = AppIcon;
				CODE_SIGN_IDENTITY = "iPhone Developer: parsa zadeh (M63JQDV378)";
				"CODE_SIGN_IDENTITY[sdk=iphoneos*]" = "iPhone Developer";
				FRAMEWORK_SEARCH_PATHS = "$(inherited)";
				INFOPLIST_FILE = MorTeam/Info.plist;
				IPHONEOS_DEPLOYMENT_TARGET = 8.0;
				LD_RUNPATH_SEARCH_PATHS = "$(inherited) @executable_path/Frameworks";
				PRODUCT_BUNDLE_IDENTIFIER = com.mortorq.morteam.MorTeam;
				PRODUCT_NAME = "$(TARGET_NAME)";
				PROVISIONING_PROFILE = "";
				SWIFT_VERSION = 3.0;
			};
			name = Release;
		};
		A2CE33CE1D19254B003CDE63 /* Debug */ = {
			isa = XCBuildConfiguration;
			baseConfigurationReference = 8392616A1E17694D7C19E224 /* Pods-MorTeamTests.debug.xcconfig */;
			buildSettings = {
				BUNDLE_LOADER = "$(TEST_HOST)";
				INFOPLIST_FILE = MorTeamTests/Info.plist;
				LD_RUNPATH_SEARCH_PATHS = "$(inherited) @executable_path/Frameworks @loader_path/Frameworks";
				PRODUCT_BUNDLE_IDENTIFIER = com.mortorq.morteam.MorTeamTests;
				PRODUCT_NAME = "$(TARGET_NAME)";
				SWIFT_VERSION = 3.0;
				TEST_HOST = "$(BUILT_PRODUCTS_DIR)/MorTeam.app/MorTeam";
			};
			name = Debug;
		};
		A2CE33CF1D19254B003CDE63 /* Release */ = {
			isa = XCBuildConfiguration;
			baseConfigurationReference = 9AA9CB80D68D72E09FCCD703 /* Pods-MorTeamTests.release.xcconfig */;
			buildSettings = {
				BUNDLE_LOADER = "$(TEST_HOST)";
				INFOPLIST_FILE = MorTeamTests/Info.plist;
				LD_RUNPATH_SEARCH_PATHS = "$(inherited) @executable_path/Frameworks @loader_path/Frameworks";
				PRODUCT_BUNDLE_IDENTIFIER = com.mortorq.morteam.MorTeamTests;
				PRODUCT_NAME = "$(TARGET_NAME)";
				SWIFT_VERSION = 3.0;
				TEST_HOST = "$(BUILT_PRODUCTS_DIR)/MorTeam.app/MorTeam";
			};
			name = Release;
		};
		A2CE33D11D19254B003CDE63 /* Debug */ = {
			isa = XCBuildConfiguration;
			baseConfigurationReference = 44F41CBEDE67A1C962F223F8 /* Pods-MorTeamUITests.debug.xcconfig */;
			buildSettings = {
				INFOPLIST_FILE = MorTeamUITests/Info.plist;
				LD_RUNPATH_SEARCH_PATHS = "$(inherited) @executable_path/Frameworks @loader_path/Frameworks";
				PRODUCT_BUNDLE_IDENTIFIER = com.mortorq.morteam.MorTeamUITests;
				PRODUCT_NAME = "$(TARGET_NAME)";
				SWIFT_VERSION = 3.0;
				TEST_TARGET_NAME = MorTeam;
			};
			name = Debug;
		};
		A2CE33D21D19254B003CDE63 /* Release */ = {
			isa = XCBuildConfiguration;
			baseConfigurationReference = E2980A2335157D5E95F599EF /* Pods-MorTeamUITests.release.xcconfig */;
			buildSettings = {
				INFOPLIST_FILE = MorTeamUITests/Info.plist;
				LD_RUNPATH_SEARCH_PATHS = "$(inherited) @executable_path/Frameworks @loader_path/Frameworks";
				PRODUCT_BUNDLE_IDENTIFIER = com.mortorq.morteam.MorTeamUITests;
				PRODUCT_NAME = "$(TARGET_NAME)";
				SWIFT_VERSION = 3.0;
				TEST_TARGET_NAME = MorTeam;
			};
			name = Release;
		};
/* End XCBuildConfiguration section */

/* Begin XCConfigurationList section */
		A2CE339D1D192549003CDE63 /* Build configuration list for PBXProject "MorTeam" */ = {
			isa = XCConfigurationList;
			buildConfigurations = (
				A2CE33C81D19254B003CDE63 /* Debug */,
				A2CE33C91D19254B003CDE63 /* Release */,
			);
			defaultConfigurationIsVisible = 0;
			defaultConfigurationName = Release;
		};
		A2CE33CA1D19254B003CDE63 /* Build configuration list for PBXNativeTarget "MorTeam" */ = {
			isa = XCConfigurationList;
			buildConfigurations = (
				A2CE33CB1D19254B003CDE63 /* Debug */,
				A2CE33CC1D19254B003CDE63 /* Release */,
			);
			defaultConfigurationIsVisible = 0;
			defaultConfigurationName = Release;
		};
		A2CE33CD1D19254B003CDE63 /* Build configuration list for PBXNativeTarget "MorTeamTests" */ = {
			isa = XCConfigurationList;
			buildConfigurations = (
				A2CE33CE1D19254B003CDE63 /* Debug */,
				A2CE33CF1D19254B003CDE63 /* Release */,
			);
			defaultConfigurationIsVisible = 0;
			defaultConfigurationName = Release;
		};
		A2CE33D01D19254B003CDE63 /* Build configuration list for PBXNativeTarget "MorTeamUITests" */ = {
			isa = XCConfigurationList;
			buildConfigurations = (
				A2CE33D11D19254B003CDE63 /* Debug */,
				A2CE33D21D19254B003CDE63 /* Release */,
			);
			defaultConfigurationIsVisible = 0;
			defaultConfigurationName = Release;
		};
/* End XCConfigurationList section */
	};
	rootObject = A2CE339A1D192549003CDE63 /* Project object */;
}
